
Microsoft Visual Studio Solution File, Format Version 12.00
# Visual Studio Version 16
VisualStudioVersion = 25.0.1700.6
MinimumVisualStudioVersion = 10.0.40219.1
Project("{FAE04EC0-301F-11D3-BF4B-00C04F79EFBC}") = "PdfApp", "PdfApp\PdfApp.csproj", "{DAECE660-8DBA-4402-9A27-F217B149145B}"
EndProject
Project("{E53339B2-1760-4266-BCC7-CA923CBCF16C}") = "docker-compose", "docker-compose.dcproj", "{93FDAEFB-D980-4960-A424-78E5EAFA87BC}"
EndProject
Global
	GlobalSection(SolutionConfigurationPlatforms) = preSolution
		Debug|Any CPU = Debug|Any CPU
		Release|Any CPU = Release|Any CPU
	EndGlobalSection
	GlobalSection(ProjectConfigurationPlatforms) = postSolution
		{DAECE660-8DBA-4402-9A27-F217B149145B}.Debug|Any CPU.ActiveCfg = Debug|Any CPU
		{DAECE660-8DBA-4402-9A27-F217B149145B}.Debug|Any CPU.Build.0 = Debug|Any CPU
		{DAECE660-8DBA-4402-9A27-F217B149145B}.Release|Any CPU.ActiveCfg = Release|Any CPU
		{DAECE660-8DBA-4402-9A27-F217B149145B}.Release|Any CPU.Build.0 = Release|Any CPU
		{93FDAEFB-D980-4960-A424-78E5EAFA87BC}.Debug|Any CPU.ActiveCfg = Debug|Any CPU
		{93FDAEFB-D980-4960-A424-78E5EAFA87BC}.Debug|Any CPU.Build.0 = Debug|Any CPU
		{93FDAEFB-D980-4960-A424-78E5EAFA87BC}.Release|Any CPU.ActiveCfg = Release|Any CPU
		{93FDAEFB-D980-4960-A424-78E5EAFA87BC}.Release|Any CPU.Build.0 = Release|Any CPU
	EndGlobalSection
	GlobalSection(SolutionProperties) = preSolution
		HideSolutionNode = FALSE
	EndGlobalSection
	GlobalSection(ExtensibilityGlobals) = postSolution
		SolutionGuid = {CB43F270-279E-4FCE-BA18-CC7871757499}
	EndGlobalSection
EndGlobal
