
Microsoft Visual Studio Solution File, Format Version 12.00
# Visual Studio Version 17
VisualStudioVersion = 17.2.32616.157
MinimumVisualStudioVersion = 10.0.40219.1
Project("{9A19103F-16F7-4668-BE54-9A1E7A4F7556}") = "PdfApp", "PdfApp\PdfApp.csproj", "{DAECE660-8DBA-4402-9A27-F217B149145B}"
EndProject
Project("{E53339B2-1760-4266-BCC7-CA923CBCF16C}") = "docker-compose", "docker-compose.dcproj", "{93FDAEFB-D980-4960-A424-78E5EAFA87BC}"
EndProject
Project("{9A19103F-16F7-4668-BE54-9A1E7A4F7556}") = "Core", "Core\Core.csproj", "{B4286987-7954-46CD-908B-1E174F8C4FC1}"
EndProject
Project("{FAE04EC0-301F-11D3-BF4B-00C04F79EFBC}") = "Services", "Services\Services.csproj", "{9F83C0AE-972B-4075-AA49-1914ED048C16}"
EndProject
Project("{FAE04EC0-301F-11D3-BF4B-00C04F79EFBC}") = "Persistence", "Persistence\Persistence.csproj", "{78183105-9ABC-4C78-826A-33F47848ED8C}"
EndProject
Global
	GlobalSection(SolutionConfigurationPlatforms) = preSolution
		Debug|Any CPU = Debug|Any CPU
		Release|Any CPU = Release|Any CPU
	EndGlobalSection
	GlobalSection(ProjectConfigurationPlatforms) = postSolution
		{DAECE660-8DBA-4402-9A27-F217B149145B}.Debug|Any CPU.ActiveCfg = Debug|Any CPU
		{DAECE660-8DBA-4402-9A27-F217B149145B}.Debug|Any CPU.Build.0 = Debug|Any CPU
		{DAECE660-8DBA-4402-9A27-F217B149145B}.Release|Any CPU.ActiveCfg = Release|Any CPU
		{DAECE660-8DBA-4402-9A27-F217B149145B}.Release|Any CPU.Build.0 = Release|Any CPU
		{93FDAEFB-D980-4960-A424-78E5EAFA87BC}.Debug|Any CPU.ActiveCfg = Debug|Any CPU
		{93FDAEFB-D980-4960-A424-78E5EAFA87BC}.Debug|Any CPU.Build.0 = Debug|Any CPU
		{93FDAEFB-D980-4960-A424-78E5EAFA87BC}.Release|Any CPU.ActiveCfg = Release|Any CPU
		{93FDAEFB-D980-4960-A424-78E5EAFA87BC}.Release|Any CPU.Build.0 = Release|Any CPU
		{B4286987-7954-46CD-908B-1E174F8C4FC1}.Debug|Any CPU.ActiveCfg = Debug|Any CPU
		{B4286987-7954-46CD-908B-1E174F8C4FC1}.Debug|Any CPU.Build.0 = Debug|Any CPU
		{B4286987-7954-46CD-908B-1E174F8C4FC1}.Release|Any CPU.ActiveCfg = Release|Any CPU
		{B4286987-7954-46CD-908B-1E174F8C4FC1}.Release|Any CPU.Build.0 = Release|Any CPU
		{9F83C0AE-972B-4075-AA49-1914ED048C16}.Debug|Any CPU.ActiveCfg = Debug|Any CPU
		{9F83C0AE-972B-4075-AA49-1914ED048C16}.Debug|Any CPU.Build.0 = Debug|Any CPU
		{9F83C0AE-972B-4075-AA49-1914ED048C16}.Release|Any CPU.ActiveCfg = Release|Any CPU
		{9F83C0AE-972B-4075-AA49-1914ED048C16}.Release|Any CPU.Build.0 = Release|Any CPU
		{78183105-9ABC-4C78-826A-33F47848ED8C}.Debug|Any CPU.ActiveCfg = Debug|Any CPU
		{78183105-9ABC-4C78-826A-33F47848ED8C}.Debug|Any CPU.Build.0 = Debug|Any CPU
		{78183105-9ABC-4C78-826A-33F47848ED8C}.Release|Any CPU.ActiveCfg = Release|Any CPU
		{78183105-9ABC-4C78-826A-33F47848ED8C}.Release|Any CPU.Build.0 = Release|Any CPU
	EndGlobalSection
	GlobalSection(SolutionProperties) = preSolution
		HideSolutionNode = FALSE
	EndGlobalSection
	GlobalSection(ExtensibilityGlobals) = postSolution
		SolutionGuid = {CB43F270-279E-4FCE-BA18-CC7871757499}
	EndGlobalSection
EndGlobal
